
Microsoft Visual Studio Solution File, Format Version 12.00
# Visual Studio 14
VisualStudioVersion = 14.0.24720.0
MinimumVisualStudioVersion = 10.0.40219.1
Project("{FAE04EC0-301F-11D3-BF4B-00C04F79EFBC}") = "Cars", "Cars\Cars.csproj", "{A0B292CF-6E77-4D0A-85FB-AC3473514BFB}"
EndProject
Project("{FAE04EC0-301F-11D3-BF4B-00C04F79EFBC}") = "CarsConsole", "CarsConsole\CarsConsole.csproj", "{58209DCE-4793-43AB-B2AE-876A422811D0}"
EndProject
Project("{FAE04EC0-301F-11D3-BF4B-00C04F79EFBC}") = "CarsTester", "CarsTester\CarsTester.csproj", "{1138E275-BA05-4D67-8663-C4FA0A858312}"
EndProject
Global
	GlobalSection(SolutionConfigurationPlatforms) = preSolution
		Debug|Any CPU = Debug|Any CPU
		Release|Any CPU = Release|Any CPU
	EndGlobalSection
	GlobalSection(ProjectConfigurationPlatforms) = postSolution
		{A0B292CF-6E77-4D0A-85FB-AC3473514BFB}.Debug|Any CPU.ActiveCfg = Debug|Any CPU
		{A0B292CF-6E77-4D0A-85FB-AC3473514BFB}.Debug|Any CPU.Build.0 = Debug|Any CPU
		{A0B292CF-6E77-4D0A-85FB-AC3473514BFB}.Release|Any CPU.ActiveCfg = Release|Any CPU
		{A0B292CF-6E77-4D0A-85FB-AC3473514BFB}.Release|Any CPU.Build.0 = Release|Any CPU
		{58209DCE-4793-43AB-B2AE-876A422811D0}.Debug|Any CPU.ActiveCfg = Debug|Any CPU
		{58209DCE-4793-43AB-B2AE-876A422811D0}.Debug|Any CPU.Build.0 = Debug|Any CPU
		{58209DCE-4793-43AB-B2AE-876A422811D0}.Release|Any CPU.ActiveCfg = Release|Any CPU
		{58209DCE-4793-43AB-B2AE-876A422811D0}.Release|Any CPU.Build.0 = Release|Any CPU
		{1138E275-BA05-4D67-8663-C4FA0A858312}.Debug|Any CPU.ActiveCfg = Debug|Any CPU
		{1138E275-BA05-4D67-8663-C4FA0A858312}.Debug|Any CPU.Build.0 = Debug|Any CPU
		{1138E275-BA05-4D67-8663-C4FA0A858312}.Release|Any CPU.ActiveCfg = Release|Any CPU
		{1138E275-BA05-4D67-8663-C4FA0A858312}.Release|Any CPU.Build.0 = Release|Any CPU
	EndGlobalSection
	GlobalSection(SolutionProperties) = preSolution
		HideSolutionNode = FALSE
	EndGlobalSection
EndGlobal
